
Microsoft Visual Studio Solution File, Format Version 12.00
# Visual Studio Version 17
VisualStudioVersion = 17.8.34309.116
MinimumVisualStudioVersion = 10.0.40219.1
Project("{9A19103F-16F7-4668-BE54-9A1E7A4F7556}") = "EcommStart.Server", "EcommStart\Server\EcommStart.Server.csproj", "{072D2435-5182-4EEC-8AF9-549D550889DC}"
EndProject
Project("{9A19103F-16F7-4668-BE54-9A1E7A4F7556}") = "EcommStart.Client", "EcommStart\Client\EcommStart.Client.csproj", "{FA597D8C-E89D-4D73-AE15-34ADD1F617E2}"
EndProject
Project("{9A19103F-16F7-4668-BE54-9A1E7A4F7556}") = "EcommStart.Shared", "EcommStart\Shared\EcommStart.Shared.csproj", "{2777C4B5-A35B-41E8-A214-E8C7CCE318E8}"
EndProject
Global
	GlobalSection(SolutionConfigurationPlatforms) = preSolution
		Debug|Any CPU = Debug|Any CPU
		Release|Any CPU = Release|Any CPU
	EndGlobalSection
	GlobalSection(ProjectConfigurationPlatforms) = postSolution
		{072D2435-5182-4EEC-8AF9-549D550889DC}.Debug|Any CPU.ActiveCfg = Debug|Any CPU
		{072D2435-5182-4EEC-8AF9-549D550889DC}.Debug|Any CPU.Build.0 = Debug|Any CPU
		{072D2435-5182-4EEC-8AF9-549D550889DC}.Release|Any CPU.ActiveCfg = Release|Any CPU
		{072D2435-5182-4EEC-8AF9-549D550889DC}.Release|Any CPU.Build.0 = Release|Any CPU
		{FA597D8C-E89D-4D73-AE15-34ADD1F617E2}.Debug|Any CPU.ActiveCfg = Debug|Any CPU
		{FA597D8C-E89D-4D73-AE15-34ADD1F617E2}.Debug|Any CPU.Build.0 = Debug|Any CPU
		{FA597D8C-E89D-4D73-AE15-34ADD1F617E2}.Release|Any CPU.ActiveCfg = Release|Any CPU
		{FA597D8C-E89D-4D73-AE15-34ADD1F617E2}.Release|Any CPU.Build.0 = Release|Any CPU
		{2777C4B5-A35B-41E8-A214-E8C7CCE318E8}.Debug|Any CPU.ActiveCfg = Debug|Any CPU
		{2777C4B5-A35B-41E8-A214-E8C7CCE318E8}.Debug|Any CPU.Build.0 = Debug|Any CPU
		{2777C4B5-A35B-41E8-A214-E8C7CCE318E8}.Release|Any CPU.ActiveCfg = Release|Any CPU
		{2777C4B5-A35B-41E8-A214-E8C7CCE318E8}.Release|Any CPU.Build.0 = Release|Any CPU
	EndGlobalSection
	GlobalSection(SolutionProperties) = preSolution
		HideSolutionNode = FALSE
	EndGlobalSection
	GlobalSection(ExtensibilityGlobals) = postSolution
		SolutionGuid = {6D2272AA-0ACE-4C8A-AD82-34BF3907FEE2}
	EndGlobalSection
EndGlobal
